
Microsoft Visual Studio Solution File, Format Version 12.00
# Visual Studio 2013
VisualStudioVersion = 12.0.31101.0
MinimumVisualStudioVersion = 10.0.40219.1
Project("{FAE04EC0-301F-11D3-BF4B-00C04F79EFBC}") = "BasicTexture", "BasicTexture\BasicTexture.csproj", "{FDD7D7CD-4DED-4527-95D0-53D804E8D480}"
EndProject
Project("{FAE04EC0-301F-11D3-BF4B-00C04F79EFBC}") = "BasicCamera", "BasicCamera\BasicCamera.csproj", "{14DE52CF-F302-40CA-8359-3A5963B05FBD}"
EndProject
Project("{FAE04EC0-301F-11D3-BF4B-00C04F79EFBC}") = "BasicMapGeneration", "BasicMapGeneration\BasicMapGeneration.csproj", "{55C4F788-0A45-482A-8CF4-C67F79E1E3F4}"
EndProject
Project("{FAE04EC0-301F-11D3-BF4B-00C04F79EFBC}") = "ScratchPad", "ScratchPad\ScratchPad.csproj", "{334653C9-8A7F-45EE-933C-6B57AF7C3953}"
EndProject
Project("{FAE04EC0-301F-11D3-BF4B-00C04F79EFBC}") = "AdvancedMapGeneration", "AdvancedMapGeneration\AdvancedMapGeneration.csproj", "{55B3B8C5-AE0A-4F49-9543-9826D3416FD2}"
EndProject
Global
	GlobalSection(SolutionConfigurationPlatforms) = preSolution
		Debug|Any CPU = Debug|Any CPU
		Release|Any CPU = Release|Any CPU
	EndGlobalSection
	GlobalSection(ProjectConfigurationPlatforms) = postSolution
		{FDD7D7CD-4DED-4527-95D0-53D804E8D480}.Debug|Any CPU.ActiveCfg = Debug|Any CPU
		{FDD7D7CD-4DED-4527-95D0-53D804E8D480}.Debug|Any CPU.Build.0 = Debug|Any CPU
		{FDD7D7CD-4DED-4527-95D0-53D804E8D480}.Release|Any CPU.ActiveCfg = Release|Any CPU
		{FDD7D7CD-4DED-4527-95D0-53D804E8D480}.Release|Any CPU.Build.0 = Release|Any CPU
		{14DE52CF-F302-40CA-8359-3A5963B05FBD}.Debug|Any CPU.ActiveCfg = Debug|Any CPU
		{14DE52CF-F302-40CA-8359-3A5963B05FBD}.Debug|Any CPU.Build.0 = Debug|Any CPU
		{14DE52CF-F302-40CA-8359-3A5963B05FBD}.Release|Any CPU.ActiveCfg = Release|Any CPU
		{14DE52CF-F302-40CA-8359-3A5963B05FBD}.Release|Any CPU.Build.0 = Release|Any CPU
		{55C4F788-0A45-482A-8CF4-C67F79E1E3F4}.Debug|Any CPU.ActiveCfg = Debug|Any CPU
		{55C4F788-0A45-482A-8CF4-C67F79E1E3F4}.Debug|Any CPU.Build.0 = Debug|Any CPU
		{55C4F788-0A45-482A-8CF4-C67F79E1E3F4}.Release|Any CPU.ActiveCfg = Release|Any CPU
		{55C4F788-0A45-482A-8CF4-C67F79E1E3F4}.Release|Any CPU.Build.0 = Release|Any CPU
		{334653C9-8A7F-45EE-933C-6B57AF7C3953}.Debug|Any CPU.ActiveCfg = Debug|Any CPU
		{334653C9-8A7F-45EE-933C-6B57AF7C3953}.Debug|Any CPU.Build.0 = Debug|Any CPU
		{334653C9-8A7F-45EE-933C-6B57AF7C3953}.Release|Any CPU.ActiveCfg = Release|Any CPU
		{334653C9-8A7F-45EE-933C-6B57AF7C3953}.Release|Any CPU.Build.0 = Release|Any CPU
		{55B3B8C5-AE0A-4F49-9543-9826D3416FD2}.Debug|Any CPU.ActiveCfg = Debug|Any CPU
		{55B3B8C5-AE0A-4F49-9543-9826D3416FD2}.Debug|Any CPU.Build.0 = Debug|Any CPU
		{55B3B8C5-AE0A-4F49-9543-9826D3416FD2}.Release|Any CPU.ActiveCfg = Release|Any CPU
		{55B3B8C5-AE0A-4F49-9543-9826D3416FD2}.Release|Any CPU.Build.0 = Release|Any CPU
	EndGlobalSection
	GlobalSection(SolutionProperties) = preSolution
		HideSolutionNode = FALSE
	EndGlobalSection
EndGlobal
